
Microsoft Visual Studio Solution File, Format Version 12.00
# Visual Studio Version 16
VisualStudioVersion = 16.0.29709.97
MinimumVisualStudioVersion = 10.0.40219.1
Project("{FAE04EC0-301F-11D3-BF4B-00C04F79EFBC}") = "DAT154 Oblig 2 Part 1", "DAT154 Oblig 2 Part 1\DAT154 Oblig 2 Part 1.csproj", "{ECA0A980-D140-40A4-AD6E-265B32732074}"
EndProject
Global
	GlobalSection(SolutionConfigurationPlatforms) = preSolution
		Debug|Any CPU = Debug|Any CPU
		Release|Any CPU = Release|Any CPU
	EndGlobalSection
	GlobalSection(ProjectConfigurationPlatforms) = postSolution
		{ECA0A980-D140-40A4-AD6E-265B32732074}.Debug|Any CPU.ActiveCfg = Debug|Any CPU
		{ECA0A980-D140-40A4-AD6E-265B32732074}.Debug|Any CPU.Build.0 = Debug|Any CPU
		{ECA0A980-D140-40A4-AD6E-265B32732074}.Release|Any CPU.ActiveCfg = Release|Any CPU
		{ECA0A980-D140-40A4-AD6E-265B32732074}.Release|Any CPU.Build.0 = Release|Any CPU
	EndGlobalSection
	GlobalSection(SolutionProperties) = preSolution
		HideSolutionNode = FALSE
	EndGlobalSection
	GlobalSection(ExtensibilityGlobals) = postSolution
		SolutionGuid = {59CC423A-B373-451D-A371-0A4AF3D52A4F}
	EndGlobalSection
EndGlobal
